// !$*UTF8*$!
{
	archiveVersion = 1;
	classes = {
	};
	objectVersion = 56;
	objects = {

/* Begin PBXBuildFile section */
		CE1560F42CFD7EB4006F60DC /* FaceCameraApp.swift in Sources */ = {isa = PBXBuildFile; fileRef = CE1560F32CFD7EB4006F60DC /* FaceCameraApp.swift */; };
		CE1560F82CFD7EB7006F60DC /* Assets.xcassets in Resources */ = {isa = PBXBuildFile; fileRef = CE1560F72CFD7EB7006F60DC /* Assets.xcassets */; };
		CE1560FC2CFD7EB7006F60DC /* Preview Assets.xcassets in Resources */ = {isa = PBXBuildFile; fileRef = CE1560FB2CFD7EB7006F60DC /* Preview Assets.xcassets */; };
		CE1561062CFD7EB7006F60DC /* FaceCameraTests.swift in Sources */ = {isa = PBXBuildFile; fileRef = CE1561052CFD7EB7006F60DC /* FaceCameraTests.swift */; };
		CE1561102CFD7EB7006F60DC /* FaceCameraUITests.swift in Sources */ = {isa = PBXBuildFile; fileRef = CE15610F2CFD7EB7006F60DC /* FaceCameraUITests.swift */; };
		CE1561122CFD7EB7006F60DC /* FaceCameraUITestsLaunchTests.swift in Sources */ = {isa = PBXBuildFile; fileRef = CE1561112CFD7EB7006F60DC /* FaceCameraUITestsLaunchTests.swift */; };
		CE1561212CFDAE79006F60DC /* EmotionClassifier.mlmodel in Sources */ = {isa = PBXBuildFile; fileRef = CE1561202CFDAE79006F60DC /* EmotionClassifier.mlmodel */; };
/* End PBXBuildFile section */

/* Begin PBXContainerItemProxy section */
		CE1561022CFD7EB7006F60DC /* PBXContainerItemProxy */ = {
			isa = PBXContainerItemProxy;
			containerPortal = CE1560E82CFD7EB4006F60DC /* Project object */;
			proxyType = 1;
			remoteGlobalIDString = CE1560EF2CFD7EB4006F60DC;
			remoteInfo = FaceCamera;
		};
		CE15610C2CFD7EB7006F60DC /* PBXContainerItemProxy */ = {
			isa = PBXContainerItemProxy;
			containerPortal = CE1560E82CFD7EB4006F60DC /* Project object */;
			proxyType = 1;
			remoteGlobalIDString = CE1560EF2CFD7EB4006F60DC;
			remoteInfo = FaceCamera;
		};
/* End PBXContainerItemProxy section */

/* Begin PBXFileReference section */
		CE1560F02CFD7EB4006F60DC /* FaceCamera.app */ = {isa = PBXFileReference; explicitFileType = wrapper.application; includeInIndex = 0; path = FaceCamera.app; sourceTree = BUILT_PRODUCTS_DIR; };
		CE1560F32CFD7EB4006F60DC /* FaceCameraApp.swift */ = {isa = PBXFileReference; lastKnownFileType = sourcecode.swift; path = FaceCameraApp.swift; sourceTree = "<group>"; };
		CE1560F72CFD7EB7006F60DC /* Assets.xcassets */ = {isa = PBXFileReference; lastKnownFileType = folder.assetcatalog; path = Assets.xcassets; sourceTree = "<group>"; };
		CE1560F92CFD7EB7006F60DC /* FaceCamera.entitlements */ = {isa = PBXFileReference; lastKnownFileType = text.plist.entitlements; path = FaceCamera.entitlements; sourceTree = "<group>"; };
		CE1560FB2CFD7EB7006F60DC /* Preview Assets.xcassets */ = {isa = PBXFileReference; lastKnownFileType = folder.assetcatalog; path = "Preview Assets.xcassets"; sourceTree = "<group>"; };
		CE1561012CFD7EB7006F60DC /* FaceCameraTests.xctest */ = {isa = PBXFileReference; explicitFileType = wrapper.cfbundle; includeInIndex = 0; path = FaceCameraTests.xctest; sourceTree = BUILT_PRODUCTS_DIR; };
		CE1561052CFD7EB7006F60DC /* FaceCameraTests.swift */ = {isa = PBXFileReference; lastKnownFileType = sourcecode.swift; path = FaceCameraTests.swift; sourceTree = "<group>"; };
		CE15610B2CFD7EB7006F60DC /* FaceCameraUITests.xctest */ = {isa = PBXFileReference; explicitFileType = wrapper.cfbundle; includeInIndex = 0; path = FaceCameraUITests.xctest; sourceTree = BUILT_PRODUCTS_DIR; };
		CE15610F2CFD7EB7006F60DC /* FaceCameraUITests.swift */ = {isa = PBXFileReference; lastKnownFileType = sourcecode.swift; path = FaceCameraUITests.swift; sourceTree = "<group>"; };
		CE1561112CFD7EB7006F60DC /* FaceCameraUITestsLaunchTests.swift */ = {isa = PBXFileReference; lastKnownFileType = sourcecode.swift; path = FaceCameraUITestsLaunchTests.swift; sourceTree = "<group>"; };
		CE1561202CFDAE79006F60DC /* EmotionClassifier.mlmodel */ = {isa = PBXFileReference; lastKnownFileType = file.mlmodel; path = EmotionClassifier.mlmodel; sourceTree = "<group>"; };
/* End PBXFileReference section */

/* Begin PBXFrameworksBuildPhase section */
		CE1560ED2CFD7EB4006F60DC /* Frameworks */ = {
			isa = PBXFrameworksBuildPhase;
			buildActionMask = 2147483647;
			files = (
			);
			runOnlyForDeploymentPostprocessing = 0;
		};
		CE1560FE2CFD7EB7006F60DC /* Frameworks */ = {
			isa = PBXFrameworksBuildPhase;
			buildActionMask = 2147483647;
			files = (
			);
			runOnlyForDeploymentPostprocessing = 0;
		};
		CE1561082CFD7EB7006F60DC /* Frameworks */ = {
			isa = PBXFrameworksBuildPhase;
			buildActionMask = 2147483647;
			files = (
			);
			runOnlyForDeploymentPostprocessing = 0;
		};
/* End PBXFrameworksBuildPhase section */

/* Begin PBXGroup section */
		CE1560E72CFD7EB4006F60DC = {
			isa = PBXGroup;
			children = (
				CE1560F22CFD7EB4006F60DC /* FaceCamera */,
				CE1561042CFD7EB7006F60DC /* FaceCameraTests */,
				CE15610E2CFD7EB7006F60DC /* FaceCameraUITests */,
				CE1560F12CFD7EB4006F60DC /* Products */,
			);
			sourceTree = "<group>";
		};
		CE1560F12CFD7EB4006F60DC /* Products */ = {
			isa = PBXGroup;
			children = (
				CE1560F02CFD7EB4006F60DC /* FaceCamera.app */,
				CE1561012CFD7EB7006F60DC /* FaceCameraTests.xctest */,
				CE15610B2CFD7EB7006F60DC /* FaceCameraUITests.xctest */,
			);
			name = Products;
			sourceTree = "<group>";
		};
		CE1560F22CFD7EB4006F60DC /* FaceCamera */ = {
			isa = PBXGroup;
			children = (
				CE1560F32CFD7EB4006F60DC /* FaceCameraApp.swift */,
				CE1560F72CFD7EB7006F60DC /* Assets.xcassets */,
				CE1560F92CFD7EB7006F60DC /* FaceCamera.entitlements */,
				CE1561202CFDAE79006F60DC /* EmotionClassifier.mlmodel */,
				CE1560FA2CFD7EB7006F60DC /* Preview Content */,
			);
			path = FaceCamera;
			sourceTree = "<group>";
		};
		CE1560FA2CFD7EB7006F60DC /* Preview Content */ = {
			isa = PBXGroup;
			children = (
				CE1560FB2CFD7EB7006F60DC /* Preview Assets.xcassets */,
			);
			path = "Preview Content";
			sourceTree = "<group>";
		};
		CE1561042CFD7EB7006F60DC /* FaceCameraTests */ = {
			isa = PBXGroup;
			children = (
				CE1561052CFD7EB7006F60DC /* FaceCameraTests.swift */,
			);
			path = FaceCameraTests;
			sourceTree = "<group>";
		};
		CE15610E2CFD7EB7006F60DC /* FaceCameraUITests */ = {
			isa = PBXGroup;
			children = (
				CE15610F2CFD7EB7006F60DC /* FaceCameraUITests.swift */,
				CE1561112CFD7EB7006F60DC /* FaceCameraUITestsLaunchTests.swift */,
			);
			path = FaceCameraUITests;
			sourceTree = "<group>";
		};
/* End PBXGroup section */

/* Begin PBXNativeTarget section */
		CE1560EF2CFD7EB4006F60DC /* FaceCamera */ = {
			isa = PBXNativeTarget;
			buildConfigurationList = CE1561152CFD7EB7006F60DC /* Build configuration list for PBXNativeTarget "FaceCamera" */;
			buildPhases = (
				CE1560EC2CFD7EB4006F60DC /* Sources */,
				CE1560ED2CFD7EB4006F60DC /* Frameworks */,
				CE1560EE2CFD7EB4006F60DC /* Resources */,
			);
			buildRules = (
			);
			dependencies = (
			);
			name = FaceCamera;
			productName = FaceCamera;
			productReference = CE1560F02CFD7EB4006F60DC /* FaceCamera.app */;
			productType = "com.apple.product-type.application";
		};
		CE1561002CFD7EB7006F60DC /* FaceCameraTests */ = {
			isa = PBXNativeTarget;
			buildConfigurationList = CE1561182CFD7EB7006F60DC /* Build configuration list for PBXNativeTarget "FaceCameraTests" */;
			buildPhases = (
				CE1560FD2CFD7EB7006F60DC /* Sources */,
				CE1560FE2CFD7EB7006F60DC /* Frameworks */,
				CE1560FF2CFD7EB7006F60DC /* Resources */,
			);
			buildRules = (
			);
			dependencies = (
				CE1561032CFD7EB7006F60DC /* PBXTargetDependency */,
			);
			name = FaceCameraTests;
			productName = FaceCameraTests;
			productReference = CE1561012CFD7EB7006F60DC /* FaceCameraTests.xctest */;
			productType = "com.apple.product-type.bundle.unit-test";
		};
		CE15610A2CFD7EB7006F60DC /* FaceCameraUITests */ = {
			isa = PBXNativeTarget;
			buildConfigurationList = CE15611B2CFD7EB7006F60DC /* Build configuration list for PBXNativeTarget "FaceCameraUITests" */;
			buildPhases = (
				CE1561072CFD7EB7006F60DC /* Sources */,
				CE1561082CFD7EB7006F60DC /* Frameworks */,
				CE1561092CFD7EB7006F60DC /* Resources */,
			);
			buildRules = (
			);
			dependencies = (
				CE15610D2CFD7EB7006F60DC /* PBXTargetDependency */,
			);
			name = FaceCameraUITests;
			productName = FaceCameraUITests;
			productReference = CE15610B2CFD7EB7006F60DC /* FaceCameraUITests.xctest */;
			productType = "com.apple.product-type.bundle.ui-testing";
		};
/* End PBXNativeTarget section */

/* Begin PBXProject section */
		CE1560E82CFD7EB4006F60DC /* Project object */ = {
			isa = PBXProject;
			attributes = {
				BuildIndependentTargetsInParallel = 1;
				LastSwiftUpdateCheck = 1430;
				LastUpgradeCheck = 1430;
				TargetAttributes = {
					CE1560EF2CFD7EB4006F60DC = {
						CreatedOnToolsVersion = 14.3.1;
					};
					CE1561002CFD7EB7006F60DC = {
						CreatedOnToolsVersion = 14.3.1;
						TestTargetID = CE1560EF2CFD7EB4006F60DC;
					};
					CE15610A2CFD7EB7006F60DC = {
						CreatedOnToolsVersion = 14.3.1;
						TestTargetID = CE1560EF2CFD7EB4006F60DC;
					};
				};
			};
			buildConfigurationList = CE1560EB2CFD7EB4006F60DC /* Build configuration list for PBXProject "FaceCamera" */;
			compatibilityVersion = "Xcode 14.0";
			developmentRegion = en;
			hasScannedForEncodings = 0;
			knownRegions = (
				en,
				Base,
			);
			mainGroup = CE1560E72CFD7EB4006F60DC;
			productRefGroup = CE1560F12CFD7EB4006F60DC /* Products */;
			projectDirPath = "";
			projectRoot = "";
			targets = (
				CE1560EF2CFD7EB4006F60DC /* FaceCamera */,
				CE1561002CFD7EB7006F60DC /* FaceCameraTests */,
				CE15610A2CFD7EB7006F60DC /* FaceCameraUITests */,
			);
		};
/* End PBXProject section */

/* Begin PBXResourcesBuildPhase section */
		CE1560EE2CFD7EB4006F60DC /* Resources */ = {
			isa = PBXResourcesBuildPhase;
			buildActionMask = 2147483647;
			files = (
				CE1560FC2CFD7EB7006F60DC /* Preview Assets.xcassets in Resources */,
				CE1560F82CFD7EB7006F60DC /* Assets.xcassets in Resources */,
			);
			runOnlyForDeploymentPostprocessing = 0;
		};
		CE1560FF2CFD7EB7006F60DC /* Resources */ = {
			isa = PBXResourcesBuildPhase;
			buildActionMask = 2147483647;
			files = (
			);
			runOnlyForDeploymentPostprocessing = 0;
		};
		CE1561092CFD7EB7006F60DC /* Resources */ = {
			isa = PBXResourcesBuildPhase;
			buildActionMask = 2147483647;
			files = (
			);
			runOnlyForDeploymentPostprocessing = 0;
		};
/* End PBXResourcesBuildPhase section */

/* Begin PBXSourcesBuildPhase section */
		CE1560EC2CFD7EB4006F60DC /* Sources */ = {
			isa = PBXSourcesBuildPhase;
			buildActionMask = 2147483647;
			files = (
				CE1561212CFDAE79006F60DC /* EmotionClassifier.mlmodel in Sources */,
				CE1560F42CFD7EB4006F60DC /* FaceCameraApp.swift in Sources */,
			);
			runOnlyForDeploymentPostprocessing = 0;
		};
		CE1560FD2CFD7EB7006F60DC /* Sources */ = {
			isa = PBXSourcesBuildPhase;
			buildActionMask = 2147483647;
			files = (
				CE1561062CFD7EB7006F60DC /* FaceCameraTests.swift in Sources */,
			);
			runOnlyForDeploymentPostprocessing = 0;
		};
		CE1561072CFD7EB7006F60DC /* Sources */ = {
			isa = PBXSourcesBuildPhase;
			buildActionMask = 2147483647;
			files = (
				CE1561122CFD7EB7006F60DC /* FaceCameraUITestsLaunchTests.swift in Sources */,
				CE1561102CFD7EB7006F60DC /* FaceCameraUITests.swift in Sources */,
			);
			runOnlyForDeploymentPostprocessing = 0;
		};
/* End PBXSourcesBuildPhase section */

/* Begin PBXTargetDependency section */
		CE1561032CFD7EB7006F60DC /* PBXTargetDependency */ = {
			isa = PBXTargetDependency;
			target = CE1560EF2CFD7EB4006F60DC /* FaceCamera */;
			targetProxy = CE1561022CFD7EB7006F60DC /* PBXContainerItemProxy */;
		};
		CE15610D2CFD7EB7006F60DC /* PBXTargetDependency */ = {
			isa = PBXTargetDependency;
			target = CE1560EF2CFD7EB4006F60DC /* FaceCamera */;
			targetProxy = CE15610C2CFD7EB7006F60DC /* PBXContainerItemProxy */;
		};
/* End PBXTargetDependency section */

/* Begin XCBuildConfiguration section */
		CE1561132CFD7EB7006F60DC /* Debug */ = {
			isa = XCBuildConfiguration;
			buildSettings = {
				ALWAYS_SEARCH_USER_PATHS = NO;
				CLANG_ANALYZER_NONNULL = YES;
				CLANG_ANALYZER_NUMBER_OBJECT_CONVERSION = YES_AGGRESSIVE;
				CLANG_CXX_LANGUAGE_STANDARD = "gnu++20";
				CLANG_ENABLE_MODULES = YES;
				CLANG_ENABLE_OBJC_ARC = YES;
				CLANG_ENABLE_OBJC_WEAK = YES;
				CLANG_WARN_BLOCK_CAPTURE_AUTORELEASING = YES;
				CLANG_WARN_BOOL_CONVERSION = YES;
				CLANG_WARN_COMMA = YES;
				CLANG_WARN_CONSTANT_CONVERSION = YES;
				CLANG_WARN_DEPRECATED_OBJC_IMPLEMENTATIONS = YES;
				CLANG_WARN_DIRECT_OBJC_ISA_USAGE = YES_ERROR;
				CLANG_WARN_DOCUMENTATION_COMMENTS = YES;
				CLANG_WARN_EMPTY_BODY = YES;
				CLANG_WARN_ENUM_CONVERSION = YES;
				CLANG_WARN_INFINITE_RECURSION = YES;
				CLANG_WARN_INT_CONVERSION = YES;
				CLANG_WARN_NON_LITERAL_NULL_CONVERSION = YES;
				CLANG_WARN_OBJC_IMPLICIT_RETAIN_SELF = YES;
				CLANG_WARN_OBJC_LITERAL_CONVERSION = YES;
				CLANG_WARN_OBJC_ROOT_CLASS = YES_ERROR;
				CLANG_WARN_QUOTED_INCLUDE_IN_FRAMEWORK_HEADER = YES;
				CLANG_WARN_RANGE_LOOP_ANALYSIS = YES;
				CLANG_WARN_STRICT_PROTOTYPES = YES;
				CLANG_WARN_SUSPICIOUS_MOVE = YES;
				CLANG_WARN_UNGUARDED_AVAILABILITY = YES_AGGRESSIVE;
				CLANG_WARN_UNREACHABLE_CODE = YES;
				CLANG_WARN__DUPLICATE_METHOD_MATCH = YES;
				COPY_PHASE_STRIP = NO;
				DEBUG_INFORMATION_FORMAT = dwarf;
				ENABLE_STRICT_OBJC_MSGSEND = YES;
				ENABLE_TESTABILITY = YES;
				GCC_C_LANGUAGE_STANDARD = gnu11;
				GCC_DYNAMIC_NO_PIC = NO;
				GCC_NO_COMMON_BLOCKS = YES;
				GCC_OPTIMIZATION_LEVEL = 0;
				GCC_PREPROCESSOR_DEFINITIONS = (
					"DEBUG=1",
					"$(inherited)",
				);
				GCC_WARN_64_TO_32_BIT_CONVERSION = YES;
				GCC_WARN_ABOUT_RETURN_TYPE = YES_ERROR;
				GCC_WARN_UNDECLARED_SELECTOR = YES;
				GCC_WARN_UNINITIALIZED_AUTOS = YES_AGGRESSIVE;
				GCC_WARN_UNUSED_FUNCTION = YES;
				GCC_WARN_UNUSED_VARIABLE = YES;
				MTL_ENABLE_DEBUG_INFO = INCLUDE_SOURCE;
				MTL_FAST_MATH = YES;
				ONLY_ACTIVE_ARCH = YES;
				SWIFT_ACTIVE_COMPILATION_CONDITIONS = DEBUG;
				SWIFT_OPTIMIZATION_LEVEL = "-Onone";
			};
			name = Debug;
		};
		CE1561142CFD7EB7006F60DC /* Release */ = {
			isa = XCBuildConfiguration;
			buildSettings = {
				ALWAYS_SEARCH_USER_PATHS = NO;
				CLANG_ANALYZER_NONNULL = YES;
				CLANG_ANALYZER_NUMBER_OBJECT_CONVERSION = YES_AGGRESSIVE;
				CLANG_CXX_LANGUAGE_STANDARD = "gnu++20";
				CLANG_ENABLE_MODULES = YES;
				CLANG_ENABLE_OBJC_ARC = YES;
				CLANG_ENABLE_OBJC_WEAK = YES;
				CLANG_WARN_BLOCK_CAPTURE_AUTORELEASING = YES;
				CLANG_WARN_BOOL_CONVERSION = YES;
				CLANG_WARN_COMMA = YES;
				CLANG_WARN_CONSTANT_CONVERSION = YES;
				CLANG_WARN_DEPRECATED_OBJC_IMPLEMENTATIONS = YES;
				CLANG_WARN_DIRECT_OBJC_ISA_USAGE = YES_ERROR;
				CLANG_WARN_DOCUMENTATION_COMMENTS = YES;
				CLANG_WARN_EMPTY_BODY = YES;
				CLANG_WARN_ENUM_CONVERSION = YES;
				CLANG_WARN_INFINITE_RECURSION = YES;
				CLANG_WARN_INT_CONVERSION = YES;
				CLANG_WARN_NON_LITERAL_NULL_CONVERSION = YES;
				CLANG_WARN_OBJC_IMPLICIT_RETAIN_SELF = YES;
				CLANG_WARN_OBJC_LITERAL_CONVERSION = YES;
				CLANG_WARN_OBJC_ROOT_CLASS = YES_ERROR;
				CLANG_WARN_QUOTED_INCLUDE_IN_FRAMEWORK_HEADER = YES;
				CLANG_WARN_RANGE_LOOP_ANALYSIS = YES;
				CLANG_WARN_STRICT_PROTOTYPES = YES;
				CLANG_WARN_SUSPICIOUS_MOVE = YES;
				CLANG_WARN_UNGUARDED_AVAILABILITY = YES_AGGRESSIVE;
				CLANG_WARN_UNREACHABLE_CODE = YES;
				CLANG_WARN__DUPLICATE_METHOD_MATCH = YES;
				COPY_PHASE_STRIP = NO;
				DEBUG_INFORMATION_FORMAT = "dwarf-with-dsym";
				ENABLE_NS_ASSERTIONS = NO;
				ENABLE_STRICT_OBJC_MSGSEND = YES;
				GCC_C_LANGUAGE_STANDARD = gnu11;
				GCC_NO_COMMON_BLOCKS = YES;
				GCC_WARN_64_TO_32_BIT_CONVERSION = YES;
				GCC_WARN_ABOUT_RETURN_TYPE = YES_ERROR;
				GCC_WARN_UNDECLARED_SELECTOR = YES;
				GCC_WARN_UNINITIALIZED_AUTOS = YES_AGGRESSIVE;
				GCC_WARN_UNUSED_FUNCTION = YES;
				GCC_WARN_UNUSED_VARIABLE = YES;
				MTL_ENABLE_DEBUG_INFO = NO;
				MTL_FAST_MATH = YES;
				SWIFT_COMPILATION_MODE = wholemodule;
				SWIFT_OPTIMIZATION_LEVEL = "-O";
			};
			name = Release;
		};
		CE1561162CFD7EB7006F60DC /* Debug */ = {
			isa = XCBuildConfiguration;
			buildSettings = {
				ASSETCATALOG_COMPILER_APPICON_NAME = AppIcon;
				ASSETCATALOG_COMPILER_GLOBAL_ACCENT_COLOR_NAME = AccentColor;
				CODE_SIGN_ENTITLEMENTS = FaceCamera/FaceCamera.entitlements;
				CODE_SIGN_STYLE = Automatic;
				CURRENT_PROJECT_VERSION = 1;
				DEVELOPMENT_ASSET_PATHS = "\"FaceCamera/Preview Content\"";
				DEVELOPMENT_TEAM = Z63N9ZYU8Y;
				ENABLE_HARDENED_RUNTIME = YES;
				ENABLE_PREVIEWS = YES;
				GENERATE_INFOPLIST_FILE = YES;
				INFOPLIST_FILE = FaceCamera/Info.plist;
				INFOPLIST_KEY_NSCameraUsageDescription = "需要使用相机来进行面部追踪";
				"INFOPLIST_KEY_UIApplicationSceneManifest_Generation[sdk=iphoneos*]" = YES;
				"INFOPLIST_KEY_UIApplicationSceneManifest_Generation[sdk=iphonesimulator*]" = YES;
				"INFOPLIST_KEY_UIApplicationSupportsIndirectInputEvents[sdk=iphoneos*]" = YES;
				"INFOPLIST_KEY_UIApplicationSupportsIndirectInputEvents[sdk=iphonesimulator*]" = YES;
				"INFOPLIST_KEY_UILaunchScreen_Generation[sdk=iphoneos*]" = YES;
				"INFOPLIST_KEY_UILaunchScreen_Generation[sdk=iphonesimulator*]" = YES;
				INFOPLIST_KEY_UIRequiresFullScreen = NO;
				"INFOPLIST_KEY_UIStatusBarStyle[sdk=iphoneos*]" = UIStatusBarStyleDefault;
				"INFOPLIST_KEY_UIStatusBarStyle[sdk=iphonesimulator*]" = UIStatusBarStyleDefault;
				INFOPLIST_KEY_UISupportedInterfaceOrientations = UIInterfaceOrientationPortrait;
				INFOPLIST_KEY_UISupportedInterfaceOrientations_iPad = "UIInterfaceOrientationPortrait UIInterfaceOrientationPortraitUpsideDown UIInterfaceOrientationLandscapeLeft UIInterfaceOrientationLandscapeRight";
				INFOPLIST_KEY_UISupportedInterfaceOrientations_iPhone = UIInterfaceOrientationPortrait;
				IPHONEOS_DEPLOYMENT_TARGET = 14.0;
				LD_RUNPATH_SEARCH_PATHS = "@executable_path/Frameworks";
				"LD_RUNPATH_SEARCH_PATHS[sdk=macosx*]" = "@executable_path/../Frameworks";
				MACOSX_DEPLOYMENT_TARGET = 12.0;
				MARKETING_VERSION = 1.0;
				PRODUCT_BUNDLE_IDENTIFIER = "com.yourname.FaceCamera-";
				PRODUCT_NAME = "$(TARGET_NAME)";
				SDKROOT = auto;
				SUPPORTED_PLATFORMS = "iphoneos iphonesimulator macosx";
				SWIFT_EMIT_LOC_STRINGS = YES;
				SWIFT_VERSION = 5.0;
				TARGETED_DEVICE_FAMILY = "1,2";
			};
			name = Debug;
		};
		CE1561172CFD7EB7006F60DC /* Release */ = {
			isa = XCBuildConfiguration;
			buildSettings = {
				ASSETCATALOG_COMPILER_APPICON_NAME = AppIcon;
				ASSETCATALOG_COMPILER_GLOBAL_ACCENT_COLOR_NAME = AccentColor;
				CODE_SIGN_ENTITLEMENTS = FaceCamera/FaceCamera.entitlements;
				CODE_SIGN_STYLE = Automatic;
				CURRENT_PROJECT_VERSION = 1;
				DEVELOPMENT_ASSET_PATHS = "\"FaceCamera/Preview Content\"";
				DEVELOPMENT_TEAM = Z63N9ZYU8Y;
				ENABLE_HARDENED_RUNTIME = YES;
				ENABLE_PREVIEWS = YES;
				GENERATE_INFOPLIST_FILE = YES;
				INFOPLIST_FILE = FaceCamera/Info.plist;
				INFOPLIST_KEY_NSCameraUsageDescription = "需要使用相机来进行面部追踪";
				"INFOPLIST_KEY_UIApplicationSceneManifest_Generation[sdk=iphoneos*]" = YES;
				"INFOPLIST_KEY_UIApplicationSceneManifest_Generation[sdk=iphonesimulator*]" = YES;
				"INFOPLIST_KEY_UIApplicationSupportsIndirectInputEvents[sdk=iphoneos*]" = YES;
				"INFOPLIST_KEY_UIApplicationSupportsIndirectInputEvents[sdk=iphonesimulator*]" = YES;
				"INFOPLIST_KEY_UILaunchScreen_Generation[sdk=iphoneos*]" = YES;
				"INFOPLIST_KEY_UILaunchScreen_Generation[sdk=iphonesimulator*]" = YES;
				INFOPLIST_KEY_UIRequiresFullScreen = NO;
				"INFOPLIST_KEY_UIStatusBarStyle[sdk=iphoneos*]" = UIStatusBarStyleDefault;
				"INFOPLIST_KEY_UIStatusBarStyle[sdk=iphonesimulator*]" = UIStatusBarStyleDefault;
				INFOPLIST_KEY_UISupportedInterfaceOrientations = UIInterfaceOrientationPortrait;
				INFOPLIST_KEY_UISupportedInterfaceOrientations_iPad = "UIInterfaceOrientationPortrait UIInterfaceOrientationPortraitUpsideDown UIInterfaceOrientationLandscapeLeft UIInterfaceOrientationLandscapeRight";
				INFOPLIST_KEY_UISupportedInterfaceOrientations_iPhone = UIInterfaceOrientationPortrait;
				IPHONEOS_DEPLOYMENT_TARGET = 14.0;
				LD_RUNPATH_SEARCH_PATHS = "@executable_path/Frameworks";
				"LD_RUNPATH_SEARCH_PATHS[sdk=macosx*]" = "@executable_path/../Frameworks";
				MACOSX_DEPLOYMENT_TARGET = 12.0;
				MARKETING_VERSION = 1.0;
				PRODUCT_BUNDLE_IDENTIFIER = "com.yourname.FaceCamera-";
				PRODUCT_NAME = "$(TARGET_NAME)";
				SDKROOT = auto;
				SUPPORTED_PLATFORMS = "iphoneos iphonesimulator macosx";
				SWIFT_EMIT_LOC_STRINGS = YES;
				SWIFT_VERSION = 5.0;
				TARGETED_DEVICE_FAMILY = "1,2";
			};
			name = Release;
		};
		CE1561192CFD7EB7006F60DC /* Debug */ = {
			isa = XCBuildConfiguration;
			buildSettings = {
				ALWAYS_EMBED_SWIFT_STANDARD_LIBRARIES = YES;
				BUNDLE_LOADER = "$(TEST_HOST)";
				CODE_SIGN_STYLE = Automatic;
				CURRENT_PROJECT_VERSION = 1;
				DEVELOPMENT_TEAM = Z63N9ZYU8Y;
				GENERATE_INFOPLIST_FILE = YES;
				IPHONEOS_DEPLOYMENT_TARGET = 16.4;
				MACOSX_DEPLOYMENT_TARGET = 13.3;
				MARKETING_VERSION = 1.0;
				PRODUCT_BUNDLE_IDENTIFIER = BeranrdUser.FaceCameraTests;
				PRODUCT_NAME = "$(TARGET_NAME)";
				SDKROOT = auto;
				SUPPORTED_PLATFORMS = "iphoneos iphonesimulator macosx";
				SWIFT_EMIT_LOC_STRINGS = NO;
				SWIFT_VERSION = 5.0;
				TARGETED_DEVICE_FAMILY = "1,2";
				TEST_HOST = "$(BUILT_PRODUCTS_DIR)/FaceCamera.app/$(BUNDLE_EXECUTABLE_FOLDER_PATH)/FaceCamera";
			};
			name = Debug;
		};
		CE15611A2CFD7EB7006F60DC /* Release */ = {
			isa = XCBuildConfiguration;
			buildSettings = {
				ALWAYS_EMBED_SWIFT_STANDARD_LIBRARIES = YES;
				BUNDLE_LOADER = "$(TEST_HOST)";
				CODE_SIGN_STYLE = Automatic;
				CURRENT_PROJECT_VERSION = 1;
				DEVELOPMENT_TEAM = Z63N9ZYU8Y;
				GENERATE_INFOPLIST_FILE = YES;
				IPHONEOS_DEPLOYMENT_TARGET = 16.4;
				MACOSX_DEPLOYMENT_TARGET = 13.3;
				MARKETING_VERSION = 1.0;
				PRODUCT_BUNDLE_IDENTIFIER = BeranrdUser.FaceCameraTests;
				PRODUCT_NAME = "$(TARGET_NAME)";
				SDKROOT = auto;
				SUPPORTED_PLATFORMS = "iphoneos iphonesimulator macosx";
				SWIFT_EMIT_LOC_STRINGS = NO;
				SWIFT_VERSION = 5.0;
				TARGETED_DEVICE_FAMILY = "1,2";
				TEST_HOST = "$(BUILT_PRODUCTS_DIR)/FaceCamera.app/$(BUNDLE_EXECUTABLE_FOLDER_PATH)/FaceCamera";
			};
			name = Release;
		};
		CE15611C2CFD7EB7006F60DC /* Debug */ = {
			isa = XCBuildConfiguration;
			buildSettings = {
				ALWAYS_EMBED_SWIFT_STANDARD_LIBRARIES = YES;
				CODE_SIGN_STYLE = Automatic;
				CURRENT_PROJECT_VERSION = 1;
				DEVELOPMENT_TEAM = Z63N9ZYU8Y;
				GENERATE_INFOPLIST_FILE = YES;
				IPHONEOS_DEPLOYMENT_TARGET = 16.4;
				MACOSX_DEPLOYMENT_TARGET = 13.3;
				MARKETING_VERSION = 1.0;
				PRODUCT_BUNDLE_IDENTIFIER = BeranrdUser.FaceCameraUITests;
				PRODUCT_NAME = "$(TARGET_NAME)";
				SDKROOT = auto;
				SUPPORTED_PLATFORMS = "iphoneos iphonesimulator macosx";
				SWIFT_EMIT_LOC_STRINGS = NO;
				SWIFT_VERSION = 5.0;
				TARGETED_DEVICE_FAMILY = "1,2";
				TEST_TARGET_NAME = FaceCamera;
			};
			name = Debug;
		};
		CE15611D2CFD7EB7006F60DC /* Release */ = {
			isa = XCBuildConfiguration;
			buildSettings = {
				ALWAYS_EMBED_SWIFT_STANDARD_LIBRARIES = YES;
				CODE_SIGN_STYLE = Automatic;
				CURRENT_PROJECT_VERSION = 1;
				DEVELOPMENT_TEAM = Z63N9ZYU8Y;
				GENERATE_INFOPLIST_FILE = YES;
				IPHONEOS_DEPLOYMENT_TARGET = 16.4;
				MACOSX_DEPLOYMENT_TARGET = 13.3;
				MARKETING_VERSION = 1.0;
				PRODUCT_BUNDLE_IDENTIFIER = BeranrdUser.FaceCameraUITests;
				PRODUCT_NAME = "$(TARGET_NAME)";
				SDKROOT = auto;
				SUPPORTED_PLATFORMS = "iphoneos iphonesimulator macosx";
				SWIFT_EMIT_LOC_STRINGS = NO;
				SWIFT_VERSION = 5.0;
				TARGETED_DEVICE_FAMILY = "1,2";
				TEST_TARGET_NAME = FaceCamera;
			};
			name = Release;
		};
/* End XCBuildConfiguration section */

/* Begin XCConfigurationList section */
		CE1560EB2CFD7EB4006F60DC /* Build configuration list for PBXProject "FaceCamera" */ = {
			isa = XCConfigurationList;
			buildConfigurations = (
				CE1561132CFD7EB7006F60DC /* Debug */,
				CE1561142CFD7EB7006F60DC /* Release */,
			);
			defaultConfigurationIsVisible = 0;
			defaultConfigurationName = Release;
		};
		CE1561152CFD7EB7006F60DC /* Build configuration list for PBXNativeTarget "FaceCamera" */ = {
			isa = XCConfigurationList;
			buildConfigurations = (
				CE1561162CFD7EB7006F60DC /* Debug */,
				CE1561172CFD7EB7006F60DC /* Release */,
			);
			defaultConfigurationIsVisible = 0;
			defaultConfigurationName = Release;
		};
		CE1561182CFD7EB7006F60DC /* Build configuration list for PBXNativeTarget "FaceCameraTests" */ = {
			isa = XCConfigurationList;
			buildConfigurations = (
				CE1561192CFD7EB7006F60DC /* Debug */,
				CE15611A2CFD7EB7006F60DC /* Release */,
			);
			defaultConfigurationIsVisible = 0;
			defaultConfigurationName = Release;
		};
		CE15611B2CFD7EB7006F60DC /* Build configuration list for PBXNativeTarget "FaceCameraUITests" */ = {
			isa = XCConfigurationList;
			buildConfigurations = (
				CE15611C2CFD7EB7006F60DC /* Debug */,
				CE15611D2CFD7EB7006F60DC /* Release */,
			);
			defaultConfigurationIsVisible = 0;
			defaultConfigurationName = Release;
		};
/* End XCConfigurationList section */
	};
	rootObject = CE1560E82CFD7EB4006F60DC /* Project object */;
}
